PODS:
  - Flutter (1.0.0)
  - flutter_shallow_blue (0.0.1):
    - Flutter

DEPENDENCIES:
  - Flutter (from `Flutter`)
  - flutter_shallow_blue (from `.symlinks/plugins/flutter_shallow_blue/ios`)

EXTERNAL SOURCES:
  Flutter:
    :path: Flutter
  flutter_shallow_blue:
    :path: ".symlinks/plugins/flutter_shallow_blue/ios"

SPEC CHECKSUMS:
  Flutter: 434fef37c0980e73bb6479ef766c45957d4b510c
  flutter_shallow_blue: 30d5a785a2f6b243b1f89e688f76e72ca910d6ea

PODFILE CHECKSUM: aafe91acc616949ddb318b77800a7f51bffa2a4c

COCOAPODS: 1.10.1
